// !$*UTF8*$!
{
	archiveVersion = 1;
	classes = {
	};
	objectVersion = 46;
	objects = {

/* Begin PBXBuildFile section */
		2AC2DCE91D2CF90E0051E412 /* AppDelegate.m in Sources */ = {isa = PBXBuildFile; fileRef = 2AC2DCE81D2CF90E0051E412 /* AppDelegate.m */; };
		2AC2DCEC1D2CF90E0051E412 /* main.m in Sources */ = {isa = PBXBuildFile; fileRef = 2AC2DCEB1D2CF90E0051E412 /* main.m */; };
		2AC2DCEE1D2CF90E0051E412 /* Assets.xcassets in Resources */ = {isa = PBXBuildFile; fileRef = 2AC2DCED1D2CF90E0051E412 /* Assets.xcassets */; };
		2AC2DCF11D2CF90E0051E412 /* MainMenu.xib in Resources */ = {isa = PBXBuildFile; fileRef = 2AC2DCEF1D2CF90E0051E412 /* MainMenu.xib */; };
		2AC2DCF91D2CF94B0051E412 /* SFPassWordAssistantInspectorController+Panel.m in Sources */ = {isa = PBXBuildFile; fileRef = 2AC2DCF81D2CF94B0051E412 /* SFPassWordAssistantInspectorController+Panel.m */; settings = {COMPILER_FLAGS = "-fno-objc-arc"; }; };
		2AC2DCFE1D2CF9BB0051E412 /* SecurityInterface.framework in Frameworks */ = {isa = PBXBuildFile; fileRef = 2AC2DCFD1D2CF9BB0051E412 /* SecurityInterface.framework */; };
/* End PBXBuildFile section */

/* Begin PBXFileReference section */
		2AC2DCE41D2CF90E0051E412 /* Password Assistant.app */ = {isa = PBXFileReference; explicitFileType = wrapper.application; includeInIndex = 0; path = "Password Assistant.app"; sourceTree = BUILT_PRODUCTS_DIR; };
		2AC2DCE71D2CF90E0051E412 /* AppDelegate.h */ = {isa = PBXFileReference; lastKnownFileType = sourcecode.c.h; path = AppDelegate.h; sourceTree = "<group>"; };
		2AC2DCE81D2CF90E0051E412 /* AppDelegate.m */ = {isa = PBXFileReference; lastKnownFileType = sourcecode.c.objc; path = AppDelegate.m; sourceTree = "<group>"; };
		2AC2DCEB1D2CF90E0051E412 /* main.m */ = {isa = PBXFileReference; lastKnownFileType = sourcecode.c.objc; path = main.m; sourceTree = "<group>"; };
		2AC2DCED1D2CF90E0051E412 /* Assets.xcassets */ = {isa = PBXFileReference; lastKnownFileType = folder.assetcatalog; path = Assets.xcassets; sourceTree = "<group>"; };
		2AC2DCF01D2CF90E0051E412 /* Base */ = {isa = PBXFileReference; lastKnownFileType = file.xib; name = Base; path = Base.lproj/MainMenu.xib; sourceTree = "<group>"; };
		2AC2DCF21D2CF90E0051E412 /* Info.plist */ = {isa = PBXFileReference; lastKnownFileType = text.plist.xml; path = Info.plist; sourceTree = "<group>"; };
		2AC2DCF81D2CF94B0051E412 /* SFPassWordAssistantInspectorController+Panel.m */ = {isa = PBXFileReference; fileEncoding = 4; lastKnownFileType = sourcecode.c.objc; path = "SFPassWordAssistantInspectorController+Panel.m"; sourceTree = "<group>"; };
		2AC2DCFA1D2CF94F0051E412 /* SFPasswordAssistantInspectorController.h */ = {isa = PBXFileReference; lastKnownFileType = sourcecode.c.h; path = SFPasswordAssistantInspectorController.h; sourceTree = "<group>"; };
		2AC2DCFB1D2CF9970051E412 /* Security.framework */ = {isa = PBXFileReference; lastKnownFileType = wrapper.framework; name = Security.framework; path = System/Library/Frameworks/Security.framework; sourceTree = SDKROOT; };
		2AC2DCFD1D2CF9BB0051E412 /* SecurityInterface.framework */ = {isa = PBXFileReference; lastKnownFileType = wrapper.framework; name = SecurityInterface.framework; path = System/Library/Frameworks/SecurityInterface.framework; sourceTree = SDKROOT; };
/* End PBXFileReference section */

/* Begin PBXFrameworksBuildPhase section */
		2AC2DCE11D2CF90E0051E412 /* Frameworks */ = {
			isa = PBXFrameworksBuildPhase;
			buildActionMask = 2147483647;
			files = (
				2AC2DCFE1D2CF9BB0051E412 /* SecurityInterface.framework in Frameworks */,
			);
			runOnlyForDeploymentPostprocessing = 0;
		};
/* End PBXFrameworksBuildPhase section */

/* Begin PBXGroup section */
		2AC2DCDB1D2CF90E0051E412 = {
			isa = PBXGroup;
			children = (
				2AC2DCE61D2CF90E0051E412 /* password-assistant */,
				2AC2DCFF1D2CFFA10051E412 /* Frameworks */,
				2AC2DCE51D2CF90E0051E412 /* Products */,
			);
			sourceTree = "<group>";
		};
		2AC2DCE51D2CF90E0051E412 /* Products */ = {
			isa = PBXGroup;
			children = (
				2AC2DCE41D2CF90E0051E412 /* Password Assistant.app */,
			);
			name = Products;
			sourceTree = "<group>";
		};
		2AC2DCE61D2CF90E0051E412 /* password-assistant */ = {
			isa = PBXGroup;
			children = (
				2AC2DCE71D2CF90E0051E412 /* AppDelegate.h */,
				2AC2DCE81D2CF90E0051E412 /* AppDelegate.m */,
				2AC2DCFA1D2CF94F0051E412 /* SFPasswordAssistantInspectorController.h */,
				2AC2DCF81D2CF94B0051E412 /* SFPassWordAssistantInspectorController+Panel.m */,
				2AC2DCED1D2CF90E0051E412 /* Assets.xcassets */,
				2AC2DCEF1D2CF90E0051E412 /* MainMenu.xib */,
				2AC2DCF21D2CF90E0051E412 /* Info.plist */,
				2AC2DCEA1D2CF90E0051E412 /* Supporting Files */,
			);
			path = "password-assistant";
			sourceTree = "<group>";
		};
		2AC2DCEA1D2CF90E0051E412 /* Supporting Files */ = {
			isa = PBXGroup;
			children = (
				2AC2DCEB1D2CF90E0051E412 /* main.m */,
			);
			name = "Supporting Files";
			sourceTree = "<group>";
		};
		2AC2DCFF1D2CFFA10051E412 /* Frameworks */ = {
			isa = PBXGroup;
			children = (
				2AC2DCFD1D2CF9BB0051E412 /* SecurityInterface.framework */,
				2AC2DCFB1D2CF9970051E412 /* Security.framework */,
			);
			name = Frameworks;
			sourceTree = "<group>";
		};
/* End PBXGroup section */

/* Begin PBXNativeTarget section */
		2AC2DCE31D2CF90E0051E412 /* password-assistant */ = {
			isa = PBXNativeTarget;
			buildConfigurationList = 2AC2DCF51D2CF90E0051E412 /* Build configuration list for PBXNativeTarget "password-assistant" */;
			buildPhases = (
				2AC2DCE01D2CF90E0051E412 /* Sources */,
				2AC2DCE11D2CF90E0051E412 /* Frameworks */,
				2AC2DCE21D2CF90E0051E412 /* Resources */,
			);
			buildRules = (
			);
			dependencies = (
			);
			name = "password-assistant";
			productName = "password-assistant";
			productReference = 2AC2DCE41D2CF90E0051E412 /* Password Assistant.app */;
			productType = "com.apple.product-type.application";
		};
/* End PBXNativeTarget section */

/* Begin PBXProject section */
		2AC2DCDC1D2CF90E0051E412 /* Project object */ = {
			isa = PBXProject;
			attributes = {
				LastUpgradeCheck = 0730;
				ORGANIZATIONNAME = Appcorn;
				TargetAttributes = {
					2AC2DCE31D2CF90E0051E412 = {
						CreatedOnToolsVersion = 7.3;
					};
				};
			};
			buildConfigurationList = 2AC2DCDF1D2CF90E0051E412 /* Build configuration list for PBXProject "password-assistant" */;
			compatibilityVersion = "Xcode 3.2";
			developmentRegion = English;
			hasScannedForEncodings = 0;
			knownRegions = (
				en,
				Base,
			);
			mainGroup = 2AC2DCDB1D2CF90E0051E412;
			productRefGroup = 2AC2DCE51D2CF90E0051E412 /* Products */;
			projectDirPath = "";
			projectRoot = "";
			targets = (
				2AC2DCE31D2CF90E0051E412 /* password-assistant */,
			);
		};
/* End PBXProject section */

/* Begin PBXResourcesBuildPhase section */
		2AC2DCE21D2CF90E0051E412 /* Resources */ = {
			isa = PBXResourcesBuildPhase;
			buildActionMask = 2147483647;
			files = (
				2AC2DCEE1D2CF90E0051E412 /* Assets.xcassets in Resources */,
				2AC2DCF11D2CF90E0051E412 /* MainMenu.xib in Resources */,
			);
			runOnlyForDeploymentPostprocessing = 0;
		};
/* End PBXResourcesBuildPhase section */

/* Begin PBXSourcesBuildPhase section */
		2AC2DCE01D2CF90E0051E412 /* Sources */ = {
			isa = PBXSourcesBuildPhase;
			buildActionMask = 2147483647;
			files = (
				2AC2DCF91D2CF94B0051E412 /* SFPassWordAssistantInspectorController+Panel.m in Sources */,
				2AC2DCEC1D2CF90E0051E412 /* main.m in Sources */,
				2AC2DCE91D2CF90E0051E412 /* AppDelegate.m in Sources */,
			);
			runOnlyForDeploymentPostprocessing = 0;
		};
/* End PBXSourcesBuildPhase section */

/* Begin PBXVariantGroup section */
		2AC2DCEF1D2CF90E0051E412 /* MainMenu.xib */ = {
			isa = PBXVariantGroup;
			children = (
				2AC2DCF01D2CF90E0051E412 /* Base */,
			);
			name = MainMenu.xib;
			sourceTree = "<group>";
		};
/* End PBXVariantGroup section */

/* Begin XCBuildConfiguration section */
		2AC2DCF31D2CF90E0051E412 /* Debug */ = {
			isa = XCBuildConfiguration;
			buildSettings = {
				ALWAYS_SEARCH_USER_PATHS = NO;
				CLANG_ANALYZER_NONNULL = YES;
				CLANG_CXX_LANGUAGE_STANDARD = "gnu++0x";
				CLANG_CXX_LIBRARY = "libc++";
				CLANG_ENABLE_MODULES = YES;
				CLANG_ENABLE_OBJC_ARC = YES;
				CLANG_WARN_BOOL_CONVERSION = YES;
				CLANG_WARN_CONSTANT_CONVERSION = YES;
				CLANG_WARN_DIRECT_OBJC_ISA_USAGE = YES_ERROR;
				CLANG_WARN_EMPTY_BODY = YES;
				CLANG_WARN_ENUM_CONVERSION = YES;
				CLANG_WARN_INT_CONVERSION = YES;
				CLANG_WARN_OBJC_ROOT_CLASS = YES_ERROR;
				CLANG_WARN_UNREACHABLE_CODE = YES;
				CLANG_WARN__DUPLICATE_METHOD_MATCH = YES;
				CODE_SIGN_IDENTITY = "-";
				COPY_PHASE_STRIP = NO;
				DEBUG_INFORMATION_FORMAT = dwarf;
				ENABLE_STRICT_OBJC_MSGSEND = YES;
				ENABLE_TESTABILITY = YES;
				GCC_C_LANGUAGE_STANDARD = gnu99;
				GCC_DYNAMIC_NO_PIC = NO;
				GCC_NO_COMMON_BLOCKS = YES;
				GCC_OPTIMIZATION_LEVEL = 0;
				GCC_PREPROCESSOR_DEFINITIONS = (
					"DEBUG=1",
					"$(inherited)",
				);
				GCC_WARN_64_TO_32_BIT_CONVERSION = YES;
				GCC_WARN_ABOUT_RETURN_TYPE = YES_ERROR;
				GCC_WARN_UNDECLARED_SELECTOR = YES;
				GCC_WARN_UNINITIALIZED_AUTOS = YES_AGGRESSIVE;
				GCC_WARN_UNUSED_FUNCTION = YES;
				GCC_WARN_UNUSED_VARIABLE = YES;
				MACOSX_DEPLOYMENT_TARGET = 10.11;
				MTL_ENABLE_DEBUG_INFO = YES;
				ONLY_ACTIVE_ARCH = YES;
				SDKROOT = macosx;
			};
			name = Debug;
		};
		2AC2DCF41D2CF90E0051E412 /* Release */ = {
			isa = XCBuildConfiguration;
			buildSettings = {
				ALWAYS_SEARCH_USER_PATHS = NO;
				CLANG_ANALYZER_NONNULL = YES;
				CLANG_CXX_LANGUAGE_STANDARD = "gnu++0x";
				CLANG_CXX_LIBRARY = "libc++";
				CLANG_ENABLE_MODULES = YES;
				CLANG_ENABLE_OBJC_ARC = YES;
				CLANG_WARN_BOOL_CONVERSION = YES;
				CLANG_WARN_CONSTANT_CONVERSION = YES;
				CLANG_WARN_DIRECT_OBJC_ISA_USAGE = YES_ERROR;
				CLANG_WARN_EMPTY_BODY = YES;
				CLANG_WARN_ENUM_CONVERSION = YES;
				CLANG_WARN_INT_CONVERSION = YES;
				CLANG_WARN_OBJC_ROOT_CLASS = YES_ERROR;
				CLANG_WARN_UNREACHABLE_CODE = YES;
				CLANG_WARN__DUPLICATE_METHOD_MATCH = YES;
				CODE_SIGN_IDENTITY = "-";
				COPY_PHASE_STRIP = NO;
				DEBUG_INFORMATION_FORMAT = "dwarf-with-dsym";
				ENABLE_NS_ASSERTIONS = NO;
				ENABLE_STRICT_OBJC_MSGSEND = YES;
				GCC_C_LANGUAGE_STANDARD = gnu99;
				GCC_NO_COMMON_BLOCKS = YES;
				GCC_WARN_64_TO_32_BIT_CONVERSION = YES;
				GCC_WARN_ABOUT_RETURN_TYPE = YES_ERROR;
				GCC_WARN_UNDECLARED_SELECTOR = YES;
				GCC_WARN_UNINITIALIZED_AUTOS = YES_AGGRESSIVE;
				GCC_WARN_UNUSED_FUNCTION = YES;
				GCC_WARN_UNUSED_VARIABLE = YES;
				MACOSX_DEPLOYMENT_TARGET = 10.11;
				MTL_ENABLE_DEBUG_INFO = NO;
				SDKROOT = macosx;
			};
			name = Release;
		};
		2AC2DCF61D2CF90E0051E412 /* Debug */ = {
			isa = XCBuildConfiguration;
			buildSettings = {
				ASSETCATALOG_COMPILER_APPICON_NAME = AppIcon;
				COMBINE_HIDPI_IMAGES = YES;
				INFOPLIST_FILE = "password-assistant/Info.plist";
				LD_RUNPATH_SEARCH_PATHS = "$(inherited) @executable_path/../Frameworks";
				PRODUCT_BUNDLE_IDENTIFIER = "se.appcorn.password-assistant";
				PRODUCT_NAME = "Password Assistant";
			};
			name = Debug;
		};
		2AC2DCF71D2CF90E0051E412 /* Release */ = {
			isa = XCBuildConfiguration;
			buildSettings = {
				ASSETCATALOG_COMPILER_APPICON_NAME = AppIcon;
				COMBINE_HIDPI_IMAGES = YES;
				INFOPLIST_FILE = "password-assistant/Info.plist";
				LD_RUNPATH_SEARCH_PATHS = "$(inherited) @executable_path/../Frameworks";
				PRODUCT_BUNDLE_IDENTIFIER = "se.appcorn.password-assistant";
				PRODUCT_NAME = "Password Assistant";
			};
			name = Release;
		};
/* End XCBuildConfiguration section */

/* Begin XCConfigurationList section */
		2AC2DCDF1D2CF90E0051E412 /* Build configuration list for PBXProject "password-assistant" */ = {
			isa = XCConfigurationList;
			buildConfigurations = (
				2AC2DCF31D2CF90E0051E412 /* Debug */,
				2AC2DCF41D2CF90E0051E412 /* Release */,
			);
			defaultConfigurationIsVisible = 0;
			defaultConfigurationName = Release;
		};
		2AC2DCF51D2CF90E0051E412 /* Build configuration list for PBXNativeTarget "password-assistant" */ = {
			isa = XCConfigurationList;
			buildConfigurations = (
				2AC2DCF61D2CF90E0051E412 /* Debug */,
				2AC2DCF71D2CF90E0051E412 /* Release */,
			);
			defaultConfigurationIsVisible = 0;
		};
/* End XCConfigurationList section */
	};
	rootObject = 2AC2DCDC1D2CF90E0051E412 /* Project object */;
}
